﻿<?xml version="1.0" encoding="utf-8"?>
<Project ToolsVersion="4.0" xmlns="http://schemas.microsoft.com/developer/msbuild/2003">
  <ItemGroup>
    <Filter Include="ソース ファイル">
      <UniqueIdentifier>{4FC737F1-C7A5-4376-A066-2A32D752A2FF}</UniqueIdentifier>
      <Extensions>cpp;c;cc;cxx;def;odl;idl;hpj;bat;asm;asmx</Extensions>
    </Filter>
    <Filter Include="ヘッダー ファイル">
      <UniqueIdentifier>{93995380-89BD-4b04-88EB-625FBE52EBFB}</UniqueIdentifier>
      <Extensions>h;hh;hpp;hxx;hm;inl;inc;xsd</Extensions>
    </Filter>
    <Filter Include="リソース ファイル">
      <UniqueIdentifier>{67DA6AB6-F800-4c08-8B7A-83BB121AAD01}</UniqueIdentifier>
      <Extensions>rc;ico;cur;bmp;dlg;rc2;rct;bin;rgs;gif;jpg;jpeg;jpe;resx;tiff;tif;png;wav;mfcribbon-ms</Extensions>
    </Filter>
    <Filter Include="ソース ファイル\GL">
      <UniqueIdentifier>{35fceb11-d6ed-44c2-a79e-c5d582c39a3b}</UniqueIdentifier>
    </Filter>
    <Filter Include="ヘッダー ファイル\GL">
      <UniqueIdentifier>{db8e01e4-6e91-4084-8564-7a2477960545}</UniqueIdentifier>
    </Filter>
  </ItemGroup>
  <ItemGroup>
    <ClCompile Include="Main.cpp">
      <Filter>ソース ファイル</Filter>
    </ClCompile>
    <ClCompile Include="GLWindow.cpp">
      <Filter>ソース ファイル\GL</Filter>
    </ClCompile>
    <ClCompile Include="GLCameraView.cpp">
      <Filter>ソース ファイル\GL</Filter>
    </ClCompile>
    <ClCompile Include="GLView.cpp">
      <Filter>ソース ファイル\GL</Filter>
    </ClCompile>
    <ClCompile Include="GLFrontTireView.cpp">
      <Filter>ソース ファイル\GL</Filter>
    </ClCompile>
    <ClCompile Include="GLRearTireView.cpp">
      <Filter>ソース ファイル\GL</Filter>
    </ClCompile>
  </ItemGroup>
  <ItemGroup>
    <ClInclude Include="GLCameraView.h">
      <Filter>ヘッダー ファイル\GL</Filter>
    </ClInclude>
    <ClInclude Include="GLCommon.h">
      <Filter>ヘッダー ファイル\GL</Filter>
    </ClInclude>
    <ClInclude Include="GLView.h">
      <Filter>ヘッダー ファイル\GL</Filter>
    </ClInclude>
    <ClInclude Include="GLWindow.h">
      <Filter>ヘッダー ファイル\GL</Filter>
    </ClInclude>
    <ClInclude Include="Common.h">
      <Filter>ヘッダー ファイル</Filter>
    </ClInclude>
    <ClInclude Include="XIQCamera.h">
      <Filter>ヘッダー ファイル</Filter>
    </ClInclude>
    <ClInclude Include="GLFrontTireView.h">
      <Filter>ヘッダー ファイル\GL</Filter>
    </ClInclude>
    <ClInclude Include="GLRearTireView.h">
      <Filter>ヘッダー ファイル\GL</Filter>
    </ClInclude>
    <ClInclude Include="OpenCV.h">
      <Filter>ヘッダー ファイル</Filter>
    </ClInclude>
    <ClInclude Include="Socket.h">
      <Filter>ヘッダー ファイル</Filter>
    </ClInclude>
    <ClInclude Include="Logger.h">
      <Filter>ヘッダー ファイル</Filter>
    </ClInclude>
  </ItemGroup>
  <ItemGroup>
    <Text Include="config.txt">
      <Filter>リソース ファイル</Filter>
    </Text>
  </ItemGroup>
</Project>